// !$*UTF8*$!
{
	archiveVersion = 1;
	classes = {
	};
	objectVersion = 50;
	objects = {

/* Begin PBXBuildFile section */
		E0B6197C237BB56300D4DAC9 /* AppDelegate.swift in Sources */ = {isa = PBXBuildFile; fileRef = E0B6197B237BB56300D4DAC9 /* AppDelegate.swift */; };
		E0B61982237BB56300D4DAC9 /* Assets.xcassets in Resources */ = {isa = PBXBuildFile; fileRef = E0B61981237BB56300D4DAC9 /* Assets.xcassets */; };
		E0B61985237BB56300D4DAC9 /* Preview Assets.xcassets in Resources */ = {isa = PBXBuildFile; fileRef = E0B61984237BB56300D4DAC9 /* Preview Assets.xcassets */; };
		E0B61988237BB56300D4DAC9 /* LaunchScreen.storyboard in Resources */ = {isa = PBXBuildFile; fileRef = E0B61986237BB56300D4DAC9 /* LaunchScreen.storyboard */; };
		E0B61994237BBBCD00D4DAC9 /* ViewController.swift in Sources */ = {isa = PBXBuildFile; fileRef = E0B61993237BBBCD00D4DAC9 /* ViewController.swift */; };
/* End PBXBuildFile section */

/* Begin PBXFileReference section */
		E0B61978237BB56300D4DAC9 /* ProjectSupportingIOS12n13.app */ = {isa = PBXFileReference; explicitFileType = wrapper.application; includeInIndex = 0; path = ProjectSupportingIOS12n13.app; sourceTree = BUILT_PRODUCTS_DIR; };
		E0B6197B237BB56300D4DAC9 /* AppDelegate.swift */ = {isa = PBXFileReference; lastKnownFileType = sourcecode.swift; path = AppDelegate.swift; sourceTree = "<group>"; };
		E0B61981237BB56300D4DAC9 /* Assets.xcassets */ = {isa = PBXFileReference; lastKnownFileType = folder.assetcatalog; path = Assets.xcassets; sourceTree = "<group>"; };
		E0B61984237BB56300D4DAC9 /* Preview Assets.xcassets */ = {isa = PBXFileReference; lastKnownFileType = folder.assetcatalog; path = "Preview Assets.xcassets"; sourceTree = "<group>"; };
		E0B61987237BB56300D4DAC9 /* Base */ = {isa = PBXFileReference; lastKnownFileType = file.storyboard; name = Base; path = Base.lproj/LaunchScreen.storyboard; sourceTree = "<group>"; };
		E0B61989237BB56300D4DAC9 /* Info.plist */ = {isa = PBXFileReference; lastKnownFileType = text.plist.xml; path = Info.plist; sourceTree = "<group>"; };
		E0B61993237BBBCD00D4DAC9 /* ViewController.swift */ = {isa = PBXFileReference; lastKnownFileType = sourcecode.swift; path = ViewController.swift; sourceTree = "<group>"; };
/* End PBXFileReference section */

/* Begin PBXFrameworksBuildPhase section */
		E0B61975237BB56300D4DAC9 /* Frameworks */ = {
			isa = PBXFrameworksBuildPhase;
			buildActionMask = 2147483647;
			files = (
			);
			runOnlyForDeploymentPostprocessing = 0;
		};
/* End PBXFrameworksBuildPhase section */

/* Begin PBXGroup section */
		E0B6196F237BB56200D4DAC9 = {
			isa = PBXGroup;
			children = (
				E0B6197A237BB56300D4DAC9 /* ProjectSupportingIOS12n13 */,
				E0B61979237BB56300D4DAC9 /* Products */,
			);
			sourceTree = "<group>";
		};
		E0B61979237BB56300D4DAC9 /* Products */ = {
			isa = PBXGroup;
			children = (
				E0B61978237BB56300D4DAC9 /* ProjectSupportingIOS12n13.app */,
			);
			name = Products;
			sourceTree = "<group>";
		};
		E0B6197A237BB56300D4DAC9 /* ProjectSupportingIOS12n13 */ = {
			isa = PBXGroup;
			children = (
				E0B6197B237BB56300D4DAC9 /* AppDelegate.swift */,
				E0B61993237BBBCD00D4DAC9 /* ViewController.swift */,
				E0B61981237BB56300D4DAC9 /* Assets.xcassets */,
				E0B61986237BB56300D4DAC9 /* LaunchScreen.storyboard */,
				E0B61989237BB56300D4DAC9 /* Info.plist */,
				E0B61983237BB56300D4DAC9 /* Preview Content */,
			);
			path = ProjectSupportingIOS12n13;
			sourceTree = "<group>";
		};
		E0B61983237BB56300D4DAC9 /* Preview Content */ = {
			isa = PBXGroup;
			children = (
				E0B61984237BB56300D4DAC9 /* Preview Assets.xcassets */,
			);
			path = "Preview Content";
			sourceTree = "<group>";
		};
/* End PBXGroup section */

/* Begin PBXNativeTarget section */
		E0B61977237BB56300D4DAC9 /* ProjectSupportingIOS12n13 */ = {
			isa = PBXNativeTarget;
			buildConfigurationList = E0B6198C237BB56300D4DAC9 /* Build configuration list for PBXNativeTarget "ProjectSupportingIOS12n13" */;
			buildPhases = (
				E0B61974237BB56300D4DAC9 /* Sources */,
				E0B61975237BB56300D4DAC9 /* Frameworks */,
				E0B61976237BB56300D4DAC9 /* Resources */,
			);
			buildRules = (
			);
			dependencies = (
			);
			name = ProjectSupportingIOS12n13;
			productName = ProjectSupportingIOS12n13;
			productReference = E0B61978237BB56300D4DAC9 /* ProjectSupportingIOS12n13.app */;
			productType = "com.apple.product-type.application";
		};
/* End PBXNativeTarget section */

/* Begin PBXProject section */
		E0B61970237BB56200D4DAC9 /* Project object */ = {
			isa = PBXProject;
			attributes = {
				LastSwiftUpdateCheck = 1110;
				LastUpgradeCheck = 1110;
				ORGANIZATIONNAME = Natalie;
				TargetAttributes = {
					E0B61977237BB56300D4DAC9 = {
						CreatedOnToolsVersion = 11.1;
					};
				};
			};
			buildConfigurationList = E0B61973237BB56200D4DAC9 /* Build configuration list for PBXProject "ProjectSupportingIOS12n13" */;
			compatibilityVersion = "Xcode 9.3";
			developmentRegion = en;
			hasScannedForEncodings = 0;
			knownRegions = (
				en,
				Base,
			);
			mainGroup = E0B6196F237BB56200D4DAC9;
			productRefGroup = E0B61979237BB56300D4DAC9 /* Products */;
			projectDirPath = "";
			projectRoot = "";
			targets = (
				E0B61977237BB56300D4DAC9 /* ProjectSupportingIOS12n13 */,
			);
		};
/* End PBXProject section */

/* Begin PBXResourcesBuildPhase section */
		E0B61976237BB56300D4DAC9 /* Resources */ = {
			isa = PBXResourcesBuildPhase;
			buildActionMask = 2147483647;
			files = (
				E0B61988237BB56300D4DAC9 /* LaunchScreen.storyboard in Resources */,
				E0B61985237BB56300D4DAC9 /* Preview Assets.xcassets in Resources */,
				E0B61982237BB56300D4DAC9 /* Assets.xcassets in Resources */,
			);
			runOnlyForDeploymentPostprocessing = 0;
		};
/* End PBXResourcesBuildPhase section */

/* Begin PBXSourcesBuildPhase section */
		E0B61974237BB56300D4DAC9 /* Sources */ = {
			isa = PBXSourcesBuildPhase;
			buildActionMask = 2147483647;
			files = (
				E0B61994237BBBCD00D4DAC9 /* ViewController.swift in Sources */,
				E0B6197C237BB56300D4DAC9 /* AppDelegate.swift in Sources */,
			);
			runOnlyForDeploymentPostprocessing = 0;
		};
/* End PBXSourcesBuildPhase section */

/* Begin PBXVariantGroup section */
		E0B61986237BB56300D4DAC9 /* LaunchScreen.storyboard */ = {
			isa = PBXVariantGroup;
			children = (
				E0B61987237BB56300D4DAC9 /* Base */,
			);
			name = LaunchScreen.storyboard;
			sourceTree = "<group>";
		};
/* End PBXVariantGroup section */

/* Begin XCBuildConfiguration section */
		E0B6198A237BB56300D4DAC9 /* Debug */ = {
			isa = XCBuildConfiguration;
			buildSettings = {
				ALWAYS_SEARCH_USER_PATHS = NO;
				CLANG_ANALYZER_NONNULL = YES;
				CLANG_ANALYZER_NUMBER_OBJECT_CONVERSION = YES_AGGRESSIVE;
				CLANG_CXX_LANGUAGE_STANDARD = "gnu++14";
				CLANG_CXX_LIBRARY = "libc++";
				CLANG_ENABLE_MODULES = YES;
				CLANG_ENABLE_OBJC_ARC = YES;
				CLANG_ENABLE_OBJC_WEAK = YES;
				CLANG_WARN_BLOCK_CAPTURE_AUTORELEASING = YES;
				CLANG_WARN_BOOL_CONVERSION = YES;
				CLANG_WARN_COMMA = YES;
				CLANG_WARN_CONSTANT_CONVERSION = YES;
				CLANG_WARN_DEPRECATED_OBJC_IMPLEMENTATIONS = YES;
				CLANG_WARN_DIRECT_OBJC_ISA_USAGE = YES_ERROR;
				CLANG_WARN_DOCUMENTATION_COMMENTS = YES;
				CLANG_WARN_EMPTY_BODY = YES;
				CLANG_WARN_ENUM_CONVERSION = YES;
				CLANG_WARN_INFINITE_RECURSION = YES;
				CLANG_WARN_INT_CONVERSION = YES;
				CLANG_WARN_NON_LITERAL_NULL_CONVERSION = YES;
				CLANG_WARN_OBJC_IMPLICIT_RETAIN_SELF = YES;
				CLANG_WARN_OBJC_LITERAL_CONVERSION = YES;
				CLANG_WARN_OBJC_ROOT_CLASS = YES_ERROR;
				CLANG_WARN_RANGE_LOOP_ANALYSIS = YES;
				CLANG_WARN_STRICT_PROTOTYPES = YES;
				CLANG_WARN_SUSPICIOUS_MOVE = YES;
				CLANG_WARN_UNGUARDED_AVAILABILITY = YES_AGGRESSIVE;
				CLANG_WARN_UNREACHABLE_CODE = YES;
				CLANG_WARN__DUPLICATE_METHOD_MATCH = YES;
				COPY_PHASE_STRIP = NO;
				DEBUG_INFORMATION_FORMAT = dwarf;
				ENABLE_STRICT_OBJC_MSGSEND = YES;
				ENABLE_TESTABILITY = YES;
				GCC_C_LANGUAGE_STANDARD = gnu11;
				GCC_DYNAMIC_NO_PIC = NO;
				GCC_NO_COMMON_BLOCKS = YES;
				GCC_OPTIMIZATION_LEVEL = 0;
				GCC_PREPROCESSOR_DEFINITIONS = (
					"DEBUG=1",
					"$(inherited)",
				);
				GCC_WARN_64_TO_32_BIT_CONVERSION = YES;
				GCC_WARN_ABOUT_RETURN_TYPE = YES_ERROR;
				GCC_WARN_UNDECLARED_SELECTOR = YES;
				GCC_WARN_UNINITIALIZED_AUTOS = YES_AGGRESSIVE;
				GCC_WARN_UNUSED_FUNCTION = YES;
				GCC_WARN_UNUSED_VARIABLE = YES;
				IPHONEOS_DEPLOYMENT_TARGET = 13.1;
				MTL_ENABLE_DEBUG_INFO = INCLUDE_SOURCE;
				MTL_FAST_MATH = YES;
				ONLY_ACTIVE_ARCH = YES;
				SDKROOT = iphoneos;
				SWIFT_ACTIVE_COMPILATION_CONDITIONS = DEBUG;
				SWIFT_OPTIMIZATION_LEVEL = "-Onone";
			};
			name = Debug;
		};
		E0B6198B237BB56300D4DAC9 /* Release */ = {
			isa = XCBuildConfiguration;
			buildSettings = {
				ALWAYS_SEARCH_USER_PATHS = NO;
				CLANG_ANALYZER_NONNULL = YES;
				CLANG_ANALYZER_NUMBER_OBJECT_CONVERSION = YES_AGGRESSIVE;
				CLANG_CXX_LANGUAGE_STANDARD = "gnu++14";
				CLANG_CXX_LIBRARY = "libc++";
				CLANG_ENABLE_MODULES = YES;
				CLANG_ENABLE_OBJC_ARC = YES;
				CLANG_ENABLE_OBJC_WEAK = YES;
				CLANG_WARN_BLOCK_CAPTURE_AUTORELEASING = YES;
				CLANG_WARN_BOOL_CONVERSION = YES;
				CLANG_WARN_COMMA = YES;
				CLANG_WARN_CONSTANT_CONVERSION = YES;
				CLANG_WARN_DEPRECATED_OBJC_IMPLEMENTATIONS = YES;
				CLANG_WARN_DIRECT_OBJC_ISA_USAGE = YES_ERROR;
				CLANG_WARN_DOCUMENTATION_COMMENTS = YES;
				CLANG_WARN_EMPTY_BODY = YES;
				CLANG_WARN_ENUM_CONVERSION = YES;
				CLANG_WARN_INFINITE_RECURSION = YES;
				CLANG_WARN_INT_CONVERSION = YES;
				CLANG_WARN_NON_LITERAL_NULL_CONVERSION = YES;
				CLANG_WARN_OBJC_IMPLICIT_RETAIN_SELF = YES;
				CLANG_WARN_OBJC_LITERAL_CONVERSION = YES;
				CLANG_WARN_OBJC_ROOT_CLASS = YES_ERROR;
				CLANG_WARN_RANGE_LOOP_ANALYSIS = YES;
				CLANG_WARN_STRICT_PROTOTYPES = YES;
				CLANG_WARN_SUSPICIOUS_MOVE = YES;
				CLANG_WARN_UNGUARDED_AVAILABILITY = YES_AGGRESSIVE;
				CLANG_WARN_UNREACHABLE_CODE = YES;
				CLANG_WARN__DUPLICATE_METHOD_MATCH = YES;
				COPY_PHASE_STRIP = NO;
				DEBUG_INFORMATION_FORMAT = "dwarf-with-dsym";
				ENABLE_NS_ASSERTIONS = NO;
				ENABLE_STRICT_OBJC_MSGSEND = YES;
				GCC_C_LANGUAGE_STANDARD = gnu11;
				GCC_NO_COMMON_BLOCKS = YES;
				GCC_WARN_64_TO_32_BIT_CONVERSION = YES;
				GCC_WARN_ABOUT_RETURN_TYPE = YES_ERROR;
				GCC_WARN_UNDECLARED_SELECTOR = YES;
				GCC_WARN_UNINITIALIZED_AUTOS = YES_AGGRESSIVE;
				GCC_WARN_UNUSED_FUNCTION = YES;
				GCC_WARN_UNUSED_VARIABLE = YES;
				IPHONEOS_DEPLOYMENT_TARGET = 13.1;
				MTL_ENABLE_DEBUG_INFO = NO;
				MTL_FAST_MATH = YES;
				SDKROOT = iphoneos;
				SWIFT_COMPILATION_MODE = wholemodule;
				SWIFT_OPTIMIZATION_LEVEL = "-O";
				VALIDATE_PRODUCT = YES;
			};
			name = Release;
		};
		E0B6198D237BB56300D4DAC9 /* Debug */ = {
			isa = XCBuildConfiguration;
			buildSettings = {
				ASSETCATALOG_COMPILER_APPICON_NAME = AppIcon;
				CODE_SIGN_STYLE = Automatic;
				DEVELOPMENT_ASSET_PATHS = "\"ProjectSupportingIOS12n13/Preview Content\"";
				DEVELOPMENT_TEAM = Q2929G5PVS;
				ENABLE_PREVIEWS = YES;
				INFOPLIST_FILE = ProjectSupportingIOS12n13/Info.plist;
				IPHONEOS_DEPLOYMENT_TARGET = 12.0;
				LD_RUNPATH_SEARCH_PATHS = (
					"$(inherited)",
					"@executable_path/Frameworks",
				);
				PRODUCT_BUNDLE_IDENTIFIER = com.lumanman.ProjectSupportingIOS12n13;
				PRODUCT_NAME = "$(TARGET_NAME)";
				SWIFT_VERSION = 5.0;
				TARGETED_DEVICE_FAMILY = "1,2";
			};
			name = Debug;
		};
		E0B6198E237BB56300D4DAC9 /* Release */ = {
			isa = XCBuildConfiguration;
			buildSettings = {
				ASSETCATALOG_COMPILER_APPICON_NAME = AppIcon;
				CODE_SIGN_STYLE = Automatic;
				DEVELOPMENT_ASSET_PATHS = "\"ProjectSupportingIOS12n13/Preview Content\"";
				DEVELOPMENT_TEAM = Q2929G5PVS;
				ENABLE_PREVIEWS = YES;
				INFOPLIST_FILE = ProjectSupportingIOS12n13/Info.plist;
				IPHONEOS_DEPLOYMENT_TARGET = 12.0;
				LD_RUNPATH_SEARCH_PATHS = (
					"$(inherited)",
					"@executable_path/Frameworks",
				);
				PRODUCT_BUNDLE_IDENTIFIER = com.lumanman.ProjectSupportingIOS12n13;
				PRODUCT_NAME = "$(TARGET_NAME)";
				SWIFT_VERSION = 5.0;
				TARGETED_DEVICE_FAMILY = "1,2";
			};
			name = Release;
		};
/* End XCBuildConfiguration section */

/* Begin XCConfigurationList section */
		E0B61973237BB56200D4DAC9 /* Build configuration list for PBXProject "ProjectSupportingIOS12n13" */ = {
			isa = XCConfigurationList;
			buildConfigurations = (
				E0B6198A237BB56300D4DAC9 /* Debug */,
				E0B6198B237BB56300D4DAC9 /* Release */,
			);
			defaultConfigurationIsVisible = 0;
			defaultConfigurationName = Release;
		};
		E0B6198C237BB56300D4DAC9 /* Build configuration list for PBXNativeTarget "ProjectSupportingIOS12n13" */ = {
			isa = XCConfigurationList;
			buildConfigurations = (
				E0B6198D237BB56300D4DAC9 /* Debug */,
				E0B6198E237BB56300D4DAC9 /* Release */,
			);
			defaultConfigurationIsVisible = 0;
			defaultConfigurationName = Release;
		};
/* End XCConfigurationList section */
	};
	rootObject = E0B61970237BB56200D4DAC9 /* Project object */;
}
